
Microsoft Visual Studio Solution File, Format Version 12.00
# Visual Studio Version 16
VisualStudioVersion = 16.0.30611.23
MinimumVisualStudioVersion = 10.0.40219.1
Project("{FAE04EC0-301F-11D3-BF4B-00C04F79EFBC}") = "MedicalTracker", "MedicalTracker\MedicalTracker.csproj", "{327DFC69-C411-42FB-A021-322352B49C9D}"
EndProject
Project("{FAE04EC0-301F-11D3-BF4B-00C04F79EFBC}") = "MedicalTracker.Tests", "MedicalTracker.Tests\MedicalTracker.Tests.csproj", "{63C0317D-E05A-450A-8729-AB45E5F81D4C}"
EndProject
Global
	GlobalSection(SolutionConfigurationPlatforms) = preSolution
		Debug|Any CPU = Debug|Any CPU
		Release|Any CPU = Release|Any CPU
	EndGlobalSection
	GlobalSection(ProjectConfigurationPlatforms) = postSolution
		{327DFC69-C411-42FB-A021-322352B49C9D}.Debug|Any CPU.ActiveCfg = Debug|Any CPU
		{327DFC69-C411-42FB-A021-322352B49C9D}.Debug|Any CPU.Build.0 = Debug|Any CPU
		{327DFC69-C411-42FB-A021-322352B49C9D}.Release|Any CPU.ActiveCfg = Release|Any CPU
		{327DFC69-C411-42FB-A021-322352B49C9D}.Release|Any CPU.Build.0 = Release|Any CPU
		{63C0317D-E05A-450A-8729-AB45E5F81D4C}.Debug|Any CPU.ActiveCfg = Debug|Any CPU
		{63C0317D-E05A-450A-8729-AB45E5F81D4C}.Debug|Any CPU.Build.0 = Debug|Any CPU
		{63C0317D-E05A-450A-8729-AB45E5F81D4C}.Release|Any CPU.ActiveCfg = Release|Any CPU
		{63C0317D-E05A-450A-8729-AB45E5F81D4C}.Release|Any CPU.Build.0 = Release|Any CPU
	EndGlobalSection
	GlobalSection(SolutionProperties) = preSolution
		HideSolutionNode = FALSE
	EndGlobalSection
	GlobalSection(ExtensibilityGlobals) = postSolution
		SolutionGuid = {955D46D5-460D-4F76-A467-9DC41A8B3162}
	EndGlobalSection
EndGlobal
